
Microsoft Visual Studio Solution File, Format Version 12.00
# Visual Studio Version 16
VisualStudioVersion = 16.0.29905.134
MinimumVisualStudioVersion = 10.0.40219.1
Project("{9A19103F-16F7-4668-BE54-9A1E7A4F7556}") = "Lexicon_LMS", "Lexicon_LMS\Lexicon_LMS.csproj", "{C93D138E-BC35-4BD1-970B-434E22776753}"
EndProject
Global
	GlobalSection(SolutionConfigurationPlatforms) = preSolution
		Debug|Any CPU = Debug|Any CPU
		Release|Any CPU = Release|Any CPU
	EndGlobalSection
	GlobalSection(ProjectConfigurationPlatforms) = postSolution
		{C93D138E-BC35-4BD1-970B-434E22776753}.Debug|Any CPU.ActiveCfg = Debug|Any CPU
		{C93D138E-BC35-4BD1-970B-434E22776753}.Debug|Any CPU.Build.0 = Debug|Any CPU
		{C93D138E-BC35-4BD1-970B-434E22776753}.Release|Any CPU.ActiveCfg = Release|Any CPU
		{C93D138E-BC35-4BD1-970B-434E22776753}.Release|Any CPU.Build.0 = Release|Any CPU
	EndGlobalSection
	GlobalSection(SolutionProperties) = preSolution
		HideSolutionNode = FALSE
	EndGlobalSection
	GlobalSection(ExtensibilityGlobals) = postSolution
		SolutionGuid = {A21D69F6-E8F9-4535-8E2C-EBF5317AC5F7}
	EndGlobalSection
EndGlobal
